
Microsoft Visual Studio Solution File, Format Version 12.00
# Visual Studio 14
VisualStudioVersion = 14.0.25420.1
MinimumVisualStudioVersion = 10.0.40219.1
Project("{FAE04EC0-301F-11D3-BF4B-00C04F79EFBC}") = "tp3_huchani_PochimonsFuncionales", "tp3_huchani_PochimonsFuncionales\tp3_huchani_PochimonsFuncionales.csproj", "{2C86CAB2-1E07-4D61-8849-6019B937EBAD}"
EndProject
Global
	GlobalSection(SolutionConfigurationPlatforms) = preSolution
		Debug|Any CPU = Debug|Any CPU
		Release|Any CPU = Release|Any CPU
	EndGlobalSection
	GlobalSection(ProjectConfigurationPlatforms) = postSolution
		{2C86CAB2-1E07-4D61-8849-6019B937EBAD}.Debug|Any CPU.ActiveCfg = Debug|Any CPU
		{2C86CAB2-1E07-4D61-8849-6019B937EBAD}.Debug|Any CPU.Build.0 = Debug|Any CPU
		{2C86CAB2-1E07-4D61-8849-6019B937EBAD}.Release|Any CPU.ActiveCfg = Release|Any CPU
		{2C86CAB2-1E07-4D61-8849-6019B937EBAD}.Release|Any CPU.Build.0 = Release|Any CPU
	EndGlobalSection
	GlobalSection(SolutionProperties) = preSolution
		HideSolutionNode = FALSE
	EndGlobalSection
EndGlobal
